
Microsoft Visual Studio Solution File, Format Version 12.00
# Visual Studio 2012
Project("{8BC9CEB8-8B4A-11D0-8D11-00A0C91BC942}") = "ZeroEngine", "ZeroEngine\ZeroEngine.vcxproj", "{A95927E6-EC0A-4B6A-9781-7783326B3FF7}"
EndProject
Global
	GlobalSection(SolutionConfigurationPlatforms) = preSolution
		Debug|Win32 = Debug|Win32
		Release|Win32 = Release|Win32
	EndGlobalSection
	GlobalSection(ProjectConfigurationPlatforms) = postSolution
		{A95927E6-EC0A-4B6A-9781-7783326B3FF7}.Debug|Win32.ActiveCfg = Debug|Win32
		{A95927E6-EC0A-4B6A-9781-7783326B3FF7}.Debug|Win32.Build.0 = Debug|Win32
		{A95927E6-EC0A-4B6A-9781-7783326B3FF7}.Release|Win32.ActiveCfg = Release|Win32
		{A95927E6-EC0A-4B6A-9781-7783326B3FF7}.Release|Win32.Build.0 = Release|Win32
	EndGlobalSection
	GlobalSection(SolutionProperties) = preSolution
		HideSolutionNode = FALSE
	EndGlobalSection
EndGlobal
